github.com/bitlux/vpnapi v0.0.0-20250308212757-c8443b09b42b h1:30NFRq5CBKPVH9FeY4iZneuXXO8vwte/K7gUn3QvjrM=
github.com/bitlux/vpnapi v0.0.0-20250308212757-c8443b09b42b/go.mod h1:ou6ccQPRIv8uzPNeLaRLxnwd2felkT30fwGnJtbVYCg=
github.com/d4l3k/go-bfloat16 v0.0.0-20211005043715-690c3bdd05f1 h1:cBzrdJPAFBsgCrDPnZxlp1dF2+k4r1kVpD7+1S1PVjY=
github.com/d4l3k/go-bfloat16 v0.0.0-20211005043715-690c3bdd05f1/go.mod h1:uw2gLcxEuYUlAd/EXyjc/v55nd3+47YAgWbSXVxPrNI=
github.com/davecgh/go-spew v1.1.1 h1:vj9j/u1bqnvCEfJOwUhtlOARqs3+rkHYY13jYWTU97c=
github.com/davecgh/go-spew v1.1.1/go.mod h1:J7Y8YcW2NihsgmVo/mv3lAwl/skON4iLHjSsI+c5H38=
github.com/keep94/consume2 v0.7.0 h1:JbS/XxmPbHgEG+1pvGEGc192nCOEx+S/DmJBZz9fkvQ=
github.com/keep94/consume2 v0.7.0/go.mod h1:oI2GS5jRbaWtXBO3wLiqr+dHpNmEyOgAJd4C1Jxp9o0=
github.com/keep94/sqroot/v3 v3.7.2 h1:mSwU0IRjqGtt6uNbatbnffhodz3AIu1Q3L2yx+M64YI=
github.com/keep94/sqroot/v3 v3.7.2/go.mod h1:qRCXiPkBEi3hBGvHAKZjmBlZCZVMn2WRIZeVsYFUo+c=
github.com/pmezard/go-difflib v1.0.0 h1:4DBwDE0NGyQoBHbLQYPwSUPoCMWR5BEzIk/f1lZbAQM=
github.com/pmezard/go-difflib v1.0.0/go.mod h1:iKH77koFhYxTK1pcRnkKkqfTogsbg7gZNVY4sRDYZ/4=
github.com/stretchr/testify v1.9.0 h1:HtqpIVDClZ4nwg75+f6Lvsy/wHu+3BoSGCbBAcpTsTg=
github.com/stretchr/testify v1.9.0/go.mod h1:r2ic/lqez/lEtzL7wO/rwa5dbSLXVDPFyf8C91i36aY=
gopkg.in/yaml.v3 v3.0.1 h1:fxVm/GzAzEWqLHuvctI91KS9hhNmmWOoWu0XTYJS7CA=
gopkg.in/yaml.v3 v3.0.1/go.mod h1:K4uyk7z7BCEPqu6E+C64Yfv1cQ7kz7rIZviUmN+EgEM=
